
Microsoft Visual Studio Solution File, Format Version 12.00
# Visual Studio Version 17
VisualStudioVersion = 17.0.32014.148
MinimumVisualStudioVersion = 10.0.40219.1
Project("{FAE04EC0-301F-11D3-BF4B-00C04F79EFBC}") = "ZennoPosterProjectAccountRegister", "ZennoPosterProjectAccountRegister\ZennoPosterProjectAccountRegister.csproj", "{01135C83-8F72-4856-9F44-ACE1F3C0004A}"
EndProject
Global
	GlobalSection(SolutionConfigurationPlatforms) = preSolution
		Debug|Any CPU = Debug|Any CPU
		Release|Any CPU = Release|Any CPU
	EndGlobalSection
	GlobalSection(ProjectConfigurationPlatforms) = postSolution
		{01135C83-8F72-4856-9F44-ACE1F3C0004A}.Debug|Any CPU.ActiveCfg = Debug|Any CPU
		{01135C83-8F72-4856-9F44-ACE1F3C0004A}.Debug|Any CPU.Build.0 = Debug|Any CPU
		{01135C83-8F72-4856-9F44-ACE1F3C0004A}.Release|Any CPU.ActiveCfg = Release|Any CPU
		{01135C83-8F72-4856-9F44-ACE1F3C0004A}.Release|Any CPU.Build.0 = Release|Any CPU
	EndGlobalSection
	GlobalSection(SolutionProperties) = preSolution
		HideSolutionNode = FALSE
	EndGlobalSection
	GlobalSection(ExtensibilityGlobals) = postSolution
		SolutionGuid = {485F1D36-3C73-4D24-A0BD-EE01378DF1A6}
	EndGlobalSection
EndGlobal
